
Microsoft Visual Studio Solution File, Format Version 12.00
# Visual Studio Version 16
VisualStudioVersion = 16.0.31205.134
MinimumVisualStudioVersion = 10.0.40219.1
Project("{FAE04EC0-301F-11D3-BF4B-00C04F79EFBC}") = "TlkToSql", "TlkToSql.csproj", "{EC48E76F-6C11-479E-B647-4FE1D837F46F}"
EndProject
Global
	GlobalSection(SolutionConfigurationPlatforms) = preSolution
		Debug|Any CPU = Debug|Any CPU
		Release|Any CPU = Release|Any CPU
	EndGlobalSection
	GlobalSection(ProjectConfigurationPlatforms) = postSolution
		{EC48E76F-6C11-479E-B647-4FE1D837F46F}.Debug|Any CPU.ActiveCfg = Debug|Any CPU
		{EC48E76F-6C11-479E-B647-4FE1D837F46F}.Debug|Any CPU.Build.0 = Debug|Any CPU
		{EC48E76F-6C11-479E-B647-4FE1D837F46F}.Release|Any CPU.ActiveCfg = Release|Any CPU
		{EC48E76F-6C11-479E-B647-4FE1D837F46F}.Release|Any CPU.Build.0 = Release|Any CPU
	EndGlobalSection
	GlobalSection(SolutionProperties) = preSolution
		HideSolutionNode = FALSE
	EndGlobalSection
	GlobalSection(ExtensibilityGlobals) = postSolution
		SolutionGuid = {21B91A38-D605-4B22-BE8C-2AAD5ADD6FB4}
	EndGlobalSection
EndGlobal
